// !$*UTF8*$!
{
	archiveVersion = 1;
	classes = {
	};
	objectVersion = 56;
	objects = {

/* Begin PBXBuildFile section */
		AE6F112C2A71EEB300F9DCC2 /* BusCatApp.swift in Sources */ = {isa = PBXBuildFile; fileRef = AE6F112B2A71EEB300F9DCC2 /* BusCatApp.swift */; };
		AE6F11302A71EEB300F9DCC2 /* Assets.xcassets in Resources */ = {isa = PBXBuildFile; fileRef = AE6F112F2A71EEB300F9DCC2 /* Assets.xcassets */; };
		AE6F11332A71EEB300F9DCC2 /* Preview Assets.xcassets in Resources */ = {isa = PBXBuildFile; fileRef = AE6F11322A71EEB300F9DCC2 /* Preview Assets.xcassets */; };
		AE6F113E2A71EEB400F9DCC2 /* BusCatTests.swift in Sources */ = {isa = PBXBuildFile; fileRef = AE6F113D2A71EEB400F9DCC2 /* BusCatTests.swift */; };
		AE6F11482A71EEB400F9DCC2 /* BusCatUITests.swift in Sources */ = {isa = PBXBuildFile; fileRef = AE6F11472A71EEB400F9DCC2 /* BusCatUITests.swift */; };
		AE6F114A2A71EEB400F9DCC2 /* BusCatUITestsLaunchTests.swift in Sources */ = {isa = PBXBuildFile; fileRef = AE6F11492A71EEB400F9DCC2 /* BusCatUITestsLaunchTests.swift */; };
		DA86421A2A78757F0093F858 /* SceneCollections.swift in Sources */ = {isa = PBXBuildFile; fileRef = DA8642192A78757F0093F858 /* SceneCollections.swift */; };
		DA86421C2A7876CB0093F858 /* WaypointScene.swift in Sources */ = {isa = PBXBuildFile; fileRef = DA86421B2A7876CB0093F858 /* WaypointScene.swift */; };
		DA89FC2B2C07EFD3006ADD48 /* HexGrid in Frameworks */ = {isa = PBXBuildFile; productRef = DA89FC2A2C07EFD3006ADD48 /* HexGrid */; };
		DA89FC2D2C07F008006ADD48 /* HexGridCell.swift in Sources */ = {isa = PBXBuildFile; fileRef = DA89FC2C2C07F008006ADD48 /* HexGridCell.swift */; };
		DABD81972A7C5E9D00696143 /* FishingView.swift in Sources */ = {isa = PBXBuildFile; fileRef = DABD81962A7C5E9D00696143 /* FishingView.swift */; };
		DABD81992A842BAD00696143 /* ShipMapView.swift in Sources */ = {isa = PBXBuildFile; fileRef = DABD81982A842BAD00696143 /* ShipMapView.swift */; };
		DABD819E2A842F5300696143 /* ShipExteriorView.swift in Sources */ = {isa = PBXBuildFile; fileRef = DABD819D2A842F5300696143 /* ShipExteriorView.swift */; };
		DABD81A02AA0E4DA00696143 /* ShipInteriorView.swift in Sources */ = {isa = PBXBuildFile; fileRef = DABD819F2AA0E4DA00696143 /* ShipInteriorView.swift */; };
		DABD81A22AA0EB3600696143 /* CryogenicsMinigameView.swift in Sources */ = {isa = PBXBuildFile; fileRef = DABD81A12AA0EB3600696143 /* CryogenicsMinigameView.swift */; };
		DABD81A42AA0F8EB00696143 /* Ability.swift in Sources */ = {isa = PBXBuildFile; fileRef = DABD81A32AA0F8EB00696143 /* Ability.swift */; };
		DABD81A62AA0FDC000696143 /* Trait.swift in Sources */ = {isa = PBXBuildFile; fileRef = DABD81A52AA0FDC000696143 /* Trait.swift */; };
		DABD81A82AA1166A00696143 /* Card.swift in Sources */ = {isa = PBXBuildFile; fileRef = DABD81A72AA1166A00696143 /* Card.swift */; };
		DABD81AA2AA116DF00696143 /* Deck.swift in Sources */ = {isa = PBXBuildFile; fileRef = DABD81A92AA116DF00696143 /* Deck.swift */; };
		DABD81AC2AA1172400696143 /* Hand.swift in Sources */ = {isa = PBXBuildFile; fileRef = DABD81AB2AA1172400696143 /* Hand.swift */; };
		DABD81AF2AA1183D00696143 /* Stack.swift in Sources */ = {isa = PBXBuildFile; fileRef = DABD81AE2AA1183D00696143 /* Stack.swift */; };
		DABD81B12AA1185B00696143 /* Pile.swift in Sources */ = {isa = PBXBuildFile; fileRef = DABD81B02AA1185B00696143 /* Pile.swift */; };
		DABD81B32AA1188C00696143 /* Tableau.swift in Sources */ = {isa = PBXBuildFile; fileRef = DABD81B22AA1188C00696143 /* Tableau.swift */; };
		DABD81B62AA1199200696143 /* CardView.swift in Sources */ = {isa = PBXBuildFile; fileRef = DABD81B52AA1199200696143 /* CardView.swift */; };
		DABD81B82AA119AE00696143 /* CardSize.swift in Sources */ = {isa = PBXBuildFile; fileRef = DABD81B72AA119AE00696143 /* CardSize.swift */; };
		DABD81BB2AA125F600696143 /* KnownWorldsDeck.swift in Sources */ = {isa = PBXBuildFile; fileRef = DABD81BA2AA125F600696143 /* KnownWorldsDeck.swift */; };
		DABD81C42AA14D5C00696143 /* StackView.swift in Sources */ = {isa = PBXBuildFile; fileRef = DABD81C32AA14D5C00696143 /* StackView.swift */; };
		DABD81C62AA14FC600696143 /* DeckView.swift in Sources */ = {isa = PBXBuildFile; fileRef = DABD81C52AA14FC600696143 /* DeckView.swift */; };
		DABD81C82AA186C600696143 /* BackgroundsDeck.swift in Sources */ = {isa = PBXBuildFile; fileRef = DABD81C72AA186C600696143 /* BackgroundsDeck.swift */; };
		DABD81CA2AA18DEE00696143 /* ConnectionsDeck.swift in Sources */ = {isa = PBXBuildFile; fileRef = DABD81C92AA18DEE00696143 /* ConnectionsDeck.swift */; };
		DABD81CC2AA18DFC00696143 /* ProfessionsDeck.swift in Sources */ = {isa = PBXBuildFile; fileRef = DABD81CB2AA18DFC00696143 /* ProfessionsDeck.swift */; };
		DABD81CE2AA2340100696143 /* CryogenicsGameState.swift in Sources */ = {isa = PBXBuildFile; fileRef = DABD81CD2AA2340100696143 /* CryogenicsGameState.swift */; };
		DABD81D12AA9799700696143 /* WhiteRiver.mp3 in Resources */ = {isa = PBXBuildFile; fileRef = DABD81D02AA9799700696143 /* WhiteRiver.mp3 */; };
		DAEACE9A2A71F03F00D5D587 /* GalaxyMapView.swift in Sources */ = {isa = PBXBuildFile; fileRef = DAEACE992A71F03F00D5D587 /* GalaxyMapView.swift */; };
		DAEACE9C2A7209B400D5D587 /* MapPointOfInterest.swift in Sources */ = {isa = PBXBuildFile; fileRef = DAEACE9B2A7209B400D5D587 /* MapPointOfInterest.swift */; };
		DAEACE9F2A7209F800D5D587 /* PointOfInterestType.swift in Sources */ = {isa = PBXBuildFile; fileRef = DAEACE9E2A7209F800D5D587 /* PointOfInterestType.swift */; };
		DAEACEA12A72100100D5D587 /* MainScreenView.swift in Sources */ = {isa = PBXBuildFile; fileRef = DAEACEA02A72100100D5D587 /* MainScreenView.swift */; };
		DAEACEA42A72104300D5D587 /* MainViewSetting.swift in Sources */ = {isa = PBXBuildFile; fileRef = DAEACEA32A72104300D5D587 /* MainViewSetting.swift */; };
		DAEACEA62A72111700D5D587 /* GameState.swift in Sources */ = {isa = PBXBuildFile; fileRef = DAEACEA52A72111700D5D587 /* GameState.swift */; };
		DAEACEA92A72145000D5D587 /* SceneView.swift in Sources */ = {isa = PBXBuildFile; fileRef = DAEACEA82A72145000D5D587 /* SceneView.swift */; };
		DAEACEAB2A721AB800D5D587 /* SceneType.swift in Sources */ = {isa = PBXBuildFile; fileRef = DAEACEAA2A721AB800D5D587 /* SceneType.swift */; };
		DAEACEAE2A731B1C00D5D587 /* Galaxy.swift in Sources */ = {isa = PBXBuildFile; fileRef = DAEACEAD2A731B1C00D5D587 /* Galaxy.swift */; };
		DAEACEB02A731B4A00D5D587 /* Waypoint.swift in Sources */ = {isa = PBXBuildFile; fileRef = DAEACEAF2A731B4A00D5D587 /* Waypoint.swift */; };
		DAEACEB32A734C1B00D5D587 /* Grid in Frameworks */ = {isa = PBXBuildFile; productRef = DAEACEB22A734C1B00D5D587 /* Grid */; };
		DAEACEB52A734D0D00D5D587 /* GridCell.swift in Sources */ = {isa = PBXBuildFile; fileRef = DAEACEB42A734D0D00D5D587 /* GridCell.swift */; };
		DAEACEB72A759AD800D5D587 /* HorizontalActionBar.swift in Sources */ = {isa = PBXBuildFile; fileRef = DAEACEB62A759AD800D5D587 /* HorizontalActionBar.swift */; };
		DAEACEB92A759B2B00D5D587 /* ActionCollection.swift in Sources */ = {isa = PBXBuildFile; fileRef = DAEACEB82A759B2B00D5D587 /* ActionCollection.swift */; };
		DAEACEBB2A759BCD00D5D587 /* Action.swift in Sources */ = {isa = PBXBuildFile; fileRef = DAEACEBA2A759BCD00D5D587 /* Action.swift */; };
		DAEACEBE2A75A2C800D5D587 /* ActionCollections.swift in Sources */ = {isa = PBXBuildFile; fileRef = DAEACEBD2A75A2C800D5D587 /* ActionCollections.swift */; };
		DAEACEC02A75A8FD00D5D587 /* VerticalActionBar.swift in Sources */ = {isa = PBXBuildFile; fileRef = DAEACEBF2A75A8FD00D5D587 /* VerticalActionBar.swift */; };
		DAEACEC42A77021F00D5D587 /* Backpack.swift in Sources */ = {isa = PBXBuildFile; fileRef = DAEACEC32A77021F00D5D587 /* Backpack.swift */; };
		DAEACEC62A77033100D5D587 /* Item.swift in Sources */ = {isa = PBXBuildFile; fileRef = DAEACEC52A77033100D5D587 /* Item.swift */; };
		DAEACEC92A7705D700D5D587 /* BackpackView.swift in Sources */ = {isa = PBXBuildFile; fileRef = DAEACEC82A7705D700D5D587 /* BackpackView.swift */; };
		DAEACECB2A77075D00D5D587 /* ItemGroup.swift in Sources */ = {isa = PBXBuildFile; fileRef = DAEACECA2A77075D00D5D587 /* ItemGroup.swift */; };
		DAEACECD2A77151000D5D587 /* VerticalInventoryBar.swift in Sources */ = {isa = PBXBuildFile; fileRef = DAEACECC2A77151000D5D587 /* VerticalInventoryBar.swift */; };
		DAEACECF2A771BF900D5D587 /* ItemView.swift in Sources */ = {isa = PBXBuildFile; fileRef = DAEACECE2A771BF900D5D587 /* ItemView.swift */; };
/* End PBXBuildFile section */

/* Begin PBXContainerItemProxy section */
		AE6F113A2A71EEB400F9DCC2 /* PBXContainerItemProxy */ = {
			isa = PBXContainerItemProxy;
			containerPortal = AE6F11202A71EEB200F9DCC2 /* Project object */;
			proxyType = 1;
			remoteGlobalIDString = AE6F11272A71EEB300F9DCC2;
			remoteInfo = BusCat;
		};
		AE6F11442A71EEB400F9DCC2 /* PBXContainerItemProxy */ = {
			isa = PBXContainerItemProxy;
			containerPortal = AE6F11202A71EEB200F9DCC2 /* Project object */;
			proxyType = 1;
			remoteGlobalIDString = AE6F11272A71EEB300F9DCC2;
			remoteInfo = BusCat;
		};
/* End PBXContainerItemProxy section */

/* Begin PBXFileReference section */
		AE6F11282A71EEB300F9DCC2 /* BusCat.app */ = {isa = PBXFileReference; explicitFileType = wrapper.application; includeInIndex = 0; path = BusCat.app; sourceTree = BUILT_PRODUCTS_DIR; };
		AE6F112B2A71EEB300F9DCC2 /* BusCatApp.swift */ = {isa = PBXFileReference; lastKnownFileType = sourcecode.swift; path = BusCatApp.swift; sourceTree = "<group>"; };
		AE6F112F2A71EEB300F9DCC2 /* Assets.xcassets */ = {isa = PBXFileReference; lastKnownFileType = folder.assetcatalog; path = Assets.xcassets; sourceTree = "<group>"; };
		AE6F11322A71EEB300F9DCC2 /* Preview Assets.xcassets */ = {isa = PBXFileReference; lastKnownFileType = folder.assetcatalog; path = "Preview Assets.xcassets"; sourceTree = "<group>"; };
		AE6F11342A71EEB300F9DCC2 /* BusCat.entitlements */ = {isa = PBXFileReference; lastKnownFileType = text.plist.entitlements; path = BusCat.entitlements; sourceTree = "<group>"; };
		AE6F11392A71EEB400F9DCC2 /* BusCatTests.xctest */ = {isa = PBXFileReference; explicitFileType = wrapper.cfbundle; includeInIndex = 0; path = BusCatTests.xctest; sourceTree = BUILT_PRODUCTS_DIR; };
		AE6F113D2A71EEB400F9DCC2 /* BusCatTests.swift */ = {isa = PBXFileReference; lastKnownFileType = sourcecode.swift; path = BusCatTests.swift; sourceTree = "<group>"; };
		AE6F11432A71EEB400F9DCC2 /* BusCatUITests.xctest */ = {isa = PBXFileReference; explicitFileType = wrapper.cfbundle; includeInIndex = 0; path = BusCatUITests.xctest; sourceTree = BUILT_PRODUCTS_DIR; };
		AE6F11472A71EEB400F9DCC2 /* BusCatUITests.swift */ = {isa = PBXFileReference; lastKnownFileType = sourcecode.swift; path = BusCatUITests.swift; sourceTree = "<group>"; };
		AE6F11492A71EEB400F9DCC2 /* BusCatUITestsLaunchTests.swift */ = {isa = PBXFileReference; lastKnownFileType = sourcecode.swift; path = BusCatUITestsLaunchTests.swift; sourceTree = "<group>"; };
		DA8642192A78757F0093F858 /* SceneCollections.swift */ = {isa = PBXFileReference; lastKnownFileType = sourcecode.swift; path = SceneCollections.swift; sourceTree = "<group>"; };
		DA86421B2A7876CB0093F858 /* WaypointScene.swift */ = {isa = PBXFileReference; lastKnownFileType = sourcecode.swift; path = WaypointScene.swift; sourceTree = "<group>"; };
		DA89FC2C2C07F008006ADD48 /* HexGridCell.swift */ = {isa = PBXFileReference; lastKnownFileType = sourcecode.swift; path = HexGridCell.swift; sourceTree = "<group>"; };
		DABD81962A7C5E9D00696143 /* FishingView.swift */ = {isa = PBXFileReference; lastKnownFileType = sourcecode.swift; path = FishingView.swift; sourceTree = "<group>"; };
		DABD81982A842BAD00696143 /* ShipMapView.swift */ = {isa = PBXFileReference; lastKnownFileType = sourcecode.swift; path = ShipMapView.swift; sourceTree = "<group>"; };
		DABD819D2A842F5300696143 /* ShipExteriorView.swift */ = {isa = PBXFileReference; lastKnownFileType = sourcecode.swift; path = ShipExteriorView.swift; sourceTree = "<group>"; };
		DABD819F2AA0E4DA00696143 /* ShipInteriorView.swift */ = {isa = PBXFileReference; lastKnownFileType = sourcecode.swift; path = ShipInteriorView.swift; sourceTree = "<group>"; };
		DABD81A12AA0EB3600696143 /* CryogenicsMinigameView.swift */ = {isa = PBXFileReference; lastKnownFileType = sourcecode.swift; path = CryogenicsMinigameView.swift; sourceTree = "<group>"; };
		DABD81A32AA0F8EB00696143 /* Ability.swift */ = {isa = PBXFileReference; lastKnownFileType = sourcecode.swift; path = Ability.swift; sourceTree = "<group>"; };
		DABD81A52AA0FDC000696143 /* Trait.swift */ = {isa = PBXFileReference; lastKnownFileType = sourcecode.swift; path = Trait.swift; sourceTree = "<group>"; };
		DABD81A72AA1166A00696143 /* Card.swift */ = {isa = PBXFileReference; lastKnownFileType = sourcecode.swift; path = Card.swift; sourceTree = "<group>"; };
		DABD81A92AA116DF00696143 /* Deck.swift */ = {isa = PBXFileReference; lastKnownFileType = sourcecode.swift; path = Deck.swift; sourceTree = "<group>"; };
		DABD81AB2AA1172400696143 /* Hand.swift */ = {isa = PBXFileReference; lastKnownFileType = sourcecode.swift; path = Hand.swift; sourceTree = "<group>"; };
		DABD81AE2AA1183D00696143 /* Stack.swift */ = {isa = PBXFileReference; lastKnownFileType = sourcecode.swift; path = Stack.swift; sourceTree = "<group>"; };
		DABD81B02AA1185B00696143 /* Pile.swift */ = {isa = PBXFileReference; lastKnownFileType = sourcecode.swift; path = Pile.swift; sourceTree = "<group>"; };
		DABD81B22AA1188C00696143 /* Tableau.swift */ = {isa = PBXFileReference; lastKnownFileType = sourcecode.swift; path = Tableau.swift; sourceTree = "<group>"; };
		DABD81B52AA1199200696143 /* CardView.swift */ = {isa = PBXFileReference; lastKnownFileType = sourcecode.swift; path = CardView.swift; sourceTree = "<group>"; };
		DABD81B72AA119AE00696143 /* CardSize.swift */ = {isa = PBXFileReference; lastKnownFileType = sourcecode.swift; path = CardSize.swift; sourceTree = "<group>"; };
		DABD81BA2AA125F600696143 /* KnownWorldsDeck.swift */ = {isa = PBXFileReference; lastKnownFileType = sourcecode.swift; path = KnownWorldsDeck.swift; sourceTree = "<group>"; };
		DABD81C32AA14D5C00696143 /* StackView.swift */ = {isa = PBXFileReference; lastKnownFileType = sourcecode.swift; path = StackView.swift; sourceTree = "<group>"; };
		DABD81C52AA14FC600696143 /* DeckView.swift */ = {isa = PBXFileReference; lastKnownFileType = sourcecode.swift; path = DeckView.swift; sourceTree = "<group>"; };
		DABD81C72AA186C600696143 /* BackgroundsDeck.swift */ = {isa = PBXFileReference; lastKnownFileType = sourcecode.swift; path = BackgroundsDeck.swift; sourceTree = "<group>"; };
		DABD81C92AA18DEE00696143 /* ConnectionsDeck.swift */ = {isa = PBXFileReference; lastKnownFileType = sourcecode.swift; path = ConnectionsDeck.swift; sourceTree = "<group>"; };
		DABD81CB2AA18DFC00696143 /* ProfessionsDeck.swift */ = {isa = PBXFileReference; lastKnownFileType = sourcecode.swift; path = ProfessionsDeck.swift; sourceTree = "<group>"; };
		DABD81CD2AA2340100696143 /* CryogenicsGameState.swift */ = {isa = PBXFileReference; lastKnownFileType = sourcecode.swift; path = CryogenicsGameState.swift; sourceTree = "<group>"; };
		DABD81D02AA9799700696143 /* WhiteRiver.mp3 */ = {isa = PBXFileReference; lastKnownFileType = audio.mp3; path = WhiteRiver.mp3; sourceTree = "<group>"; };
		DAEACE992A71F03F00D5D587 /* GalaxyMapView.swift */ = {isa = PBXFileReference; lastKnownFileType = sourcecode.swift; path = GalaxyMapView.swift; sourceTree = "<group>"; };
		DAEACE9B2A7209B400D5D587 /* MapPointOfInterest.swift */ = {isa = PBXFileReference; lastKnownFileType = sourcecode.swift; path = MapPointOfInterest.swift; sourceTree = "<group>"; };
		DAEACE9E2A7209F800D5D587 /* PointOfInterestType.swift */ = {isa = PBXFileReference; lastKnownFileType = sourcecode.swift; path = PointOfInterestType.swift; sourceTree = "<group>"; };
		DAEACEA02A72100100D5D587 /* MainScreenView.swift */ = {isa = PBXFileReference; lastKnownFileType = sourcecode.swift; path = MainScreenView.swift; sourceTree = "<group>"; };
		DAEACEA32A72104300D5D587 /* MainViewSetting.swift */ = {isa = PBXFileReference; lastKnownFileType = sourcecode.swift; path = MainViewSetting.swift; sourceTree = "<group>"; };
		DAEACEA52A72111700D5D587 /* GameState.swift */ = {isa = PBXFileReference; lastKnownFileType = sourcecode.swift; path = GameState.swift; sourceTree = "<group>"; };
		DAEACEA82A72145000D5D587 /* SceneView.swift */ = {isa = PBXFileReference; lastKnownFileType = sourcecode.swift; path = SceneView.swift; sourceTree = "<group>"; };
		DAEACEAA2A721AB800D5D587 /* SceneType.swift */ = {isa = PBXFileReference; lastKnownFileType = sourcecode.swift; path = SceneType.swift; sourceTree = "<group>"; };
		DAEACEAD2A731B1C00D5D587 /* Galaxy.swift */ = {isa = PBXFileReference; lastKnownFileType = sourcecode.swift; path = Galaxy.swift; sourceTree = "<group>"; };
		DAEACEAF2A731B4A00D5D587 /* Waypoint.swift */ = {isa = PBXFileReference; lastKnownFileType = sourcecode.swift; path = Waypoint.swift; sourceTree = "<group>"; };
		DAEACEB42A734D0D00D5D587 /* GridCell.swift */ = {isa = PBXFileReference; lastKnownFileType = sourcecode.swift; path = GridCell.swift; sourceTree = "<group>"; };
		DAEACEB62A759AD800D5D587 /* HorizontalActionBar.swift */ = {isa = PBXFileReference; lastKnownFileType = sourcecode.swift; path = HorizontalActionBar.swift; sourceTree = "<group>"; };
		DAEACEB82A759B2B00D5D587 /* ActionCollection.swift */ = {isa = PBXFileReference; lastKnownFileType = sourcecode.swift; path = ActionCollection.swift; sourceTree = "<group>"; };
		DAEACEBA2A759BCD00D5D587 /* Action.swift */ = {isa = PBXFileReference; lastKnownFileType = sourcecode.swift; path = Action.swift; sourceTree = "<group>"; };
		DAEACEBD2A75A2C800D5D587 /* ActionCollections.swift */ = {isa = PBXFileReference; lastKnownFileType = sourcecode.swift; path = ActionCollections.swift; sourceTree = "<group>"; };
		DAEACEBF2A75A8FD00D5D587 /* VerticalActionBar.swift */ = {isa = PBXFileReference; lastKnownFileType = sourcecode.swift; path = VerticalActionBar.swift; sourceTree = "<group>"; };
		DAEACEC32A77021F00D5D587 /* Backpack.swift */ = {isa = PBXFileReference; lastKnownFileType = sourcecode.swift; path = Backpack.swift; sourceTree = "<group>"; };
		DAEACEC52A77033100D5D587 /* Item.swift */ = {isa = PBXFileReference; lastKnownFileType = sourcecode.swift; path = Item.swift; sourceTree = "<group>"; };
		DAEACEC82A7705D700D5D587 /* BackpackView.swift */ = {isa = PBXFileReference; lastKnownFileType = sourcecode.swift; path = BackpackView.swift; sourceTree = "<group>"; };
		DAEACECA2A77075D00D5D587 /* ItemGroup.swift */ = {isa = PBXFileReference; lastKnownFileType = sourcecode.swift; path = ItemGroup.swift; sourceTree = "<group>"; };
		DAEACECC2A77151000D5D587 /* VerticalInventoryBar.swift */ = {isa = PBXFileReference; lastKnownFileType = sourcecode.swift; path = VerticalInventoryBar.swift; sourceTree = "<group>"; };
		DAEACECE2A771BF900D5D587 /* ItemView.swift */ = {isa = PBXFileReference; lastKnownFileType = sourcecode.swift; path = ItemView.swift; sourceTree = "<group>"; };
/* End PBXFileReference section */

/* Begin PBXFrameworksBuildPhase section */
		AE6F11252A71EEB300F9DCC2 /* Frameworks */ = {
			isa = PBXFrameworksBuildPhase;
			buildActionMask = 2147483647;
			files = (
				DA89FC2B2C07EFD3006ADD48 /* HexGrid in Frameworks */,
				DAEACEB32A734C1B00D5D587 /* Grid in Frameworks */,
			);
			runOnlyForDeploymentPostprocessing = 0;
		};
		AE6F11362A71EEB400F9DCC2 /* Frameworks */ = {
			isa = PBXFrameworksBuildPhase;
			buildActionMask = 2147483647;
			files = (
			);
			runOnlyForDeploymentPostprocessing = 0;
		};
		AE6F11402A71EEB400F9DCC2 /* Frameworks */ = {
			isa = PBXFrameworksBuildPhase;
			buildActionMask = 2147483647;
			files = (
			);
			runOnlyForDeploymentPostprocessing = 0;
		};
/* End PBXFrameworksBuildPhase section */

/* Begin PBXGroup section */
		AE6F111F2A71EEB200F9DCC2 = {
			isa = PBXGroup;
			children = (
				AE6F112A2A71EEB300F9DCC2 /* BusCat */,
				AE6F113C2A71EEB400F9DCC2 /* BusCatTests */,
				AE6F11462A71EEB400F9DCC2 /* BusCatUITests */,
				AE6F11292A71EEB300F9DCC2 /* Products */,
			);
			sourceTree = "<group>";
		};
		AE6F11292A71EEB300F9DCC2 /* Products */ = {
			isa = PBXGroup;
			children = (
				AE6F11282A71EEB300F9DCC2 /* BusCat.app */,
				AE6F11392A71EEB400F9DCC2 /* BusCatTests.xctest */,
				AE6F11432A71EEB400F9DCC2 /* BusCatUITests.xctest */,
			);
			name = Products;
			sourceTree = "<group>";
		};
		AE6F112A2A71EEB300F9DCC2 /* BusCat */ = {
			isa = PBXGroup;
			children = (
				DABD81CF2AA9795B00696143 /* Resources */,
				DABD81B42AA1198800696143 /* CardViews */,
				DAEACEBC2A759D2700D5D587 /* Collections */,
				DAEACEAC2A731B1000D5D587 /* Models */,
				DAEACEA22A72102600D5D587 /* MainScreen */,
				DAEACE9D2A7209DA00D5D587 /* GalaxyMap */,
				DAEACEA72A72140600D5D587 /* Scene */,
				DABD819A2A842EFB00696143 /* Ship */,
				DABD81952A7C5E8A00696143 /* Activities */,
				DAEACEC72A7705C500D5D587 /* Backpack */,
				AE6F112B2A71EEB300F9DCC2 /* BusCatApp.swift */,
				AE6F112F2A71EEB300F9DCC2 /* Assets.xcassets */,
				AE6F11342A71EEB300F9DCC2 /* BusCat.entitlements */,
				AE6F11312A71EEB300F9DCC2 /* Preview Content */,
			);
			path = BusCat;
			sourceTree = "<group>";
		};
		AE6F11312A71EEB300F9DCC2 /* Preview Content */ = {
			isa = PBXGroup;
			children = (
				AE6F11322A71EEB300F9DCC2 /* Preview Assets.xcassets */,
			);
			path = "Preview Content";
			sourceTree = "<group>";
		};
		AE6F113C2A71EEB400F9DCC2 /* BusCatTests */ = {
			isa = PBXGroup;
			children = (
				AE6F113D2A71EEB400F9DCC2 /* BusCatTests.swift */,
			);
			path = BusCatTests;
			sourceTree = "<group>";
		};
		AE6F11462A71EEB400F9DCC2 /* BusCatUITests */ = {
			isa = PBXGroup;
			children = (
				AE6F11472A71EEB400F9DCC2 /* BusCatUITests.swift */,
				AE6F11492A71EEB400F9DCC2 /* BusCatUITestsLaunchTests.swift */,
			);
			path = BusCatUITests;
			sourceTree = "<group>";
		};
		DABD81952A7C5E8A00696143 /* Activities */ = {
			isa = PBXGroup;
			children = (
				DABD81BC2AA12EBD00696143 /* Cryogenics */,
				DABD81962A7C5E9D00696143 /* FishingView.swift */,
			);
			path = Activities;
			sourceTree = "<group>";
		};
		DABD819A2A842EFB00696143 /* Ship */ = {
			isa = PBXGroup;
			children = (
				DABD819D2A842F5300696143 /* ShipExteriorView.swift */,
				DABD819F2AA0E4DA00696143 /* ShipInteriorView.swift */,
			);
			path = Ship;
			sourceTree = "<group>";
		};
		DABD81AD2AA1181D00696143 /* Cards */ = {
			isa = PBXGroup;
			children = (
				DABD81B92AA125E800696143 /* Decks */,
				DABD81AB2AA1172400696143 /* Hand.swift */,
				DABD81A92AA116DF00696143 /* Deck.swift */,
				DABD81A72AA1166A00696143 /* Card.swift */,
				DABD81AE2AA1183D00696143 /* Stack.swift */,
				DABD81B02AA1185B00696143 /* Pile.swift */,
				DABD81B22AA1188C00696143 /* Tableau.swift */,
				DABD81B72AA119AE00696143 /* CardSize.swift */,
			);
			path = Cards;
			sourceTree = "<group>";
		};
		DABD81B42AA1198800696143 /* CardViews */ = {
			isa = PBXGroup;
			children = (
				DABD81B52AA1199200696143 /* CardView.swift */,
				DABD81C32AA14D5C00696143 /* StackView.swift */,
				DABD81C52AA14FC600696143 /* DeckView.swift */,
			);
			path = CardViews;
			sourceTree = "<group>";
		};
		DABD81B92AA125E800696143 /* Decks */ = {
			isa = PBXGroup;
			children = (
				DABD81BA2AA125F600696143 /* KnownWorldsDeck.swift */,
				DABD81C72AA186C600696143 /* BackgroundsDeck.swift */,
				DABD81C92AA18DEE00696143 /* ConnectionsDeck.swift */,
				DABD81CB2AA18DFC00696143 /* ProfessionsDeck.swift */,
			);
			path = Decks;
			sourceTree = "<group>";
		};
		DABD81BC2AA12EBD00696143 /* Cryogenics */ = {
			isa = PBXGroup;
			children = (
				DABD81A12AA0EB3600696143 /* CryogenicsMinigameView.swift */,
				DABD81CD2AA2340100696143 /* CryogenicsGameState.swift */,
			);
			path = Cryogenics;
			sourceTree = "<group>";
		};
		DABD81CF2AA9795B00696143 /* Resources */ = {
			isa = PBXGroup;
			children = (
				DABD81D02AA9799700696143 /* WhiteRiver.mp3 */,
			);
			path = Resources;
			sourceTree = "<group>";
		};
		DAEACE9D2A7209DA00D5D587 /* GalaxyMap */ = {
			isa = PBXGroup;
			children = (
				DAEACE992A71F03F00D5D587 /* GalaxyMapView.swift */,
				DA89FC2C2C07F008006ADD48 /* HexGridCell.swift */,
				DABD81982A842BAD00696143 /* ShipMapView.swift */,
				DAEACE9B2A7209B400D5D587 /* MapPointOfInterest.swift */,
			);
			path = GalaxyMap;
			sourceTree = "<group>";
		};
		DAEACEA22A72102600D5D587 /* MainScreen */ = {
			isa = PBXGroup;
			children = (
				DAEACEA02A72100100D5D587 /* MainScreenView.swift */,
				DAEACEA32A72104300D5D587 /* MainViewSetting.swift */,
			);
			path = MainScreen;
			sourceTree = "<group>";
		};
		DAEACEA72A72140600D5D587 /* Scene */ = {
			isa = PBXGroup;
			children = (
				DAEACEA82A72145000D5D587 /* SceneView.swift */,
				DAEACEB62A759AD800D5D587 /* HorizontalActionBar.swift */,
				DAEACEBF2A75A8FD00D5D587 /* VerticalActionBar.swift */,
				DAEACECC2A77151000D5D587 /* VerticalInventoryBar.swift */,
			);
			path = Scene;
			sourceTree = "<group>";
		};
		DAEACEAC2A731B1000D5D587 /* Models */ = {
			isa = PBXGroup;
			children = (
				DABD81AD2AA1181D00696143 /* Cards */,
				DAEACEA52A72111700D5D587 /* GameState.swift */,
				DAEACEAD2A731B1C00D5D587 /* Galaxy.swift */,
				DAEACEAF2A731B4A00D5D587 /* Waypoint.swift */,
				DAEACE9E2A7209F800D5D587 /* PointOfInterestType.swift */,
				DAEACEAA2A721AB800D5D587 /* SceneType.swift */,
				DAEACEB42A734D0D00D5D587 /* GridCell.swift */,
				DAEACEB82A759B2B00D5D587 /* ActionCollection.swift */,
				DAEACEBA2A759BCD00D5D587 /* Action.swift */,
				DAEACEC32A77021F00D5D587 /* Backpack.swift */,
				DAEACEC52A77033100D5D587 /* Item.swift */,
				DAEACECA2A77075D00D5D587 /* ItemGroup.swift */,
				DA86421B2A7876CB0093F858 /* WaypointScene.swift */,
				DABD81A32AA0F8EB00696143 /* Ability.swift */,
				DABD81A52AA0FDC000696143 /* Trait.swift */,
			);
			path = Models;
			sourceTree = "<group>";
		};
		DAEACEBC2A759D2700D5D587 /* Collections */ = {
			isa = PBXGroup;
			children = (
				DAEACEBD2A75A2C800D5D587 /* ActionCollections.swift */,
				DA8642192A78757F0093F858 /* SceneCollections.swift */,
			);
			path = Collections;
			sourceTree = "<group>";
		};
		DAEACEC72A7705C500D5D587 /* Backpack */ = {
			isa = PBXGroup;
			children = (
				DAEACEC82A7705D700D5D587 /* BackpackView.swift */,
				DAEACECE2A771BF900D5D587 /* ItemView.swift */,
			);
			path = Backpack;
			sourceTree = "<group>";
		};
/* End PBXGroup section */

/* Begin PBXNativeTarget section */
		AE6F11272A71EEB300F9DCC2 /* BusCat */ = {
			isa = PBXNativeTarget;
			buildConfigurationList = AE6F114D2A71EEB400F9DCC2 /* Build configuration list for PBXNativeTarget "BusCat" */;
			buildPhases = (
				AE6F11242A71EEB300F9DCC2 /* Sources */,
				AE6F11252A71EEB300F9DCC2 /* Frameworks */,
				AE6F11262A71EEB300F9DCC2 /* Resources */,
			);
			buildRules = (
			);
			dependencies = (
			);
			name = BusCat;
			packageProductDependencies = (
				DAEACEB22A734C1B00D5D587 /* Grid */,
				DA89FC2A2C07EFD3006ADD48 /* HexGrid */,
			);
			productName = BusCat;
			productReference = AE6F11282A71EEB300F9DCC2 /* BusCat.app */;
			productType = "com.apple.product-type.application";
		};
		AE6F11382A71EEB400F9DCC2 /* BusCatTests */ = {
			isa = PBXNativeTarget;
			buildConfigurationList = AE6F11502A71EEB400F9DCC2 /* Build configuration list for PBXNativeTarget "BusCatTests" */;
			buildPhases = (
				AE6F11352A71EEB400F9DCC2 /* Sources */,
				AE6F11362A71EEB400F9DCC2 /* Frameworks */,
				AE6F11372A71EEB400F9DCC2 /* Resources */,
			);
			buildRules = (
			);
			dependencies = (
				AE6F113B2A71EEB400F9DCC2 /* PBXTargetDependency */,
			);
			name = BusCatTests;
			productName = BusCatTests;
			productReference = AE6F11392A71EEB400F9DCC2 /* BusCatTests.xctest */;
			productType = "com.apple.product-type.bundle.unit-test";
		};
		AE6F11422A71EEB400F9DCC2 /* BusCatUITests */ = {
			isa = PBXNativeTarget;
			buildConfigurationList = AE6F11532A71EEB400F9DCC2 /* Build configuration list for PBXNativeTarget "BusCatUITests" */;
			buildPhases = (
				AE6F113F2A71EEB400F9DCC2 /* Sources */,
				AE6F11402A71EEB400F9DCC2 /* Frameworks */,
				AE6F11412A71EEB400F9DCC2 /* Resources */,
			);
			buildRules = (
			);
			dependencies = (
				AE6F11452A71EEB400F9DCC2 /* PBXTargetDependency */,
			);
			name = BusCatUITests;
			productName = BusCatUITests;
			productReference = AE6F11432A71EEB400F9DCC2 /* BusCatUITests.xctest */;
			productType = "com.apple.product-type.bundle.ui-testing";
		};
/* End PBXNativeTarget section */

/* Begin PBXProject section */
		AE6F11202A71EEB200F9DCC2 /* Project object */ = {
			isa = PBXProject;
			attributes = {
				BuildIndependentTargetsInParallel = 1;
				LastSwiftUpdateCheck = 1430;
				LastUpgradeCheck = 1540;
				TargetAttributes = {
					AE6F11272A71EEB300F9DCC2 = {
						CreatedOnToolsVersion = 14.3.1;
					};
					AE6F11382A71EEB400F9DCC2 = {
						CreatedOnToolsVersion = 14.3.1;
						TestTargetID = AE6F11272A71EEB300F9DCC2;
					};
					AE6F11422A71EEB400F9DCC2 = {
						CreatedOnToolsVersion = 14.3.1;
						TestTargetID = AE6F11272A71EEB300F9DCC2;
					};
				};
			};
			buildConfigurationList = AE6F11232A71EEB200F9DCC2 /* Build configuration list for PBXProject "BusCat" */;
			compatibilityVersion = "Xcode 14.0";
			developmentRegion = en;
			hasScannedForEncodings = 0;
			knownRegions = (
				en,
				Base,
			);
			mainGroup = AE6F111F2A71EEB200F9DCC2;
			packageReferences = (
				DAEACEB12A734C1B00D5D587 /* XCRemoteSwiftPackageReference "swiftui-grid" */,
				DA89FC292C07EFD3006ADD48 /* XCRemoteSwiftPackageReference "HexGrid" */,
			);
			productRefGroup = AE6F11292A71EEB300F9DCC2 /* Products */;
			projectDirPath = "";
			projectRoot = "";
			targets = (
				AE6F11272A71EEB300F9DCC2 /* BusCat */,
				AE6F11382A71EEB400F9DCC2 /* BusCatTests */,
				AE6F11422A71EEB400F9DCC2 /* BusCatUITests */,
			);
		};
/* End PBXProject section */

/* Begin PBXResourcesBuildPhase section */
		AE6F11262A71EEB300F9DCC2 /* Resources */ = {
			isa = PBXResourcesBuildPhase;
			buildActionMask = 2147483647;
			files = (
				DABD81D12AA9799700696143 /* WhiteRiver.mp3 in Resources */,
				AE6F11332A71EEB300F9DCC2 /* Preview Assets.xcassets in Resources */,
				AE6F11302A71EEB300F9DCC2 /* Assets.xcassets in Resources */,
			);
			runOnlyForDeploymentPostprocessing = 0;
		};
		AE6F11372A71EEB400F9DCC2 /* Resources */ = {
			isa = PBXResourcesBuildPhase;
			buildActionMask = 2147483647;
			files = (
			);
			runOnlyForDeploymentPostprocessing = 0;
		};
		AE6F11412A71EEB400F9DCC2 /* Resources */ = {
			isa = PBXResourcesBuildPhase;
			buildActionMask = 2147483647;
			files = (
			);
			runOnlyForDeploymentPostprocessing = 0;
		};
/* End PBXResourcesBuildPhase section */

/* Begin PBXSourcesBuildPhase section */
		AE6F11242A71EEB300F9DCC2 /* Sources */ = {
			isa = PBXSourcesBuildPhase;
			buildActionMask = 2147483647;
			files = (
				DAEACECD2A77151000D5D587 /* VerticalInventoryBar.swift in Sources */,
				DABD81B12AA1185B00696143 /* Pile.swift in Sources */,
				DABD81B32AA1188C00696143 /* Tableau.swift in Sources */,
				DABD81972A7C5E9D00696143 /* FishingView.swift in Sources */,
				DAEACE9A2A71F03F00D5D587 /* GalaxyMapView.swift in Sources */,
				DABD819E2A842F5300696143 /* ShipExteriorView.swift in Sources */,
				DABD81B82AA119AE00696143 /* CardSize.swift in Sources */,
				DA86421C2A7876CB0093F858 /* WaypointScene.swift in Sources */,
				DABD81B62AA1199200696143 /* CardView.swift in Sources */,
				AE6F112C2A71EEB300F9DCC2 /* BusCatApp.swift in Sources */,
				DAEACEC02A75A8FD00D5D587 /* VerticalActionBar.swift in Sources */,
				DABD81A22AA0EB3600696143 /* CryogenicsMinigameView.swift in Sources */,
				DABD81CC2AA18DFC00696143 /* ProfessionsDeck.swift in Sources */,
				DABD81C62AA14FC600696143 /* DeckView.swift in Sources */,
				DAEACEB02A731B4A00D5D587 /* Waypoint.swift in Sources */,
				DABD81CE2AA2340100696143 /* CryogenicsGameState.swift in Sources */,
				DABD81BB2AA125F600696143 /* KnownWorldsDeck.swift in Sources */,
				DAEACEA12A72100100D5D587 /* MainScreenView.swift in Sources */,
				DABD81A82AA1166A00696143 /* Card.swift in Sources */,
				DABD81AC2AA1172400696143 /* Hand.swift in Sources */,
				DABD81A62AA0FDC000696143 /* Trait.swift in Sources */,
				DAEACEAE2A731B1C00D5D587 /* Galaxy.swift in Sources */,
				DABD81A42AA0F8EB00696143 /* Ability.swift in Sources */,
				DABD81AA2AA116DF00696143 /* Deck.swift in Sources */,
				DAEACEA92A72145000D5D587 /* SceneView.swift in Sources */,
				DAEACECF2A771BF900D5D587 /* ItemView.swift in Sources */,
				DAEACEC42A77021F00D5D587 /* Backpack.swift in Sources */,
				DAEACEC92A7705D700D5D587 /* BackpackView.swift in Sources */,
				DABD81CA2AA18DEE00696143 /* ConnectionsDeck.swift in Sources */,
				DABD81C82AA186C600696143 /* BackgroundsDeck.swift in Sources */,
				DAEACE9C2A7209B400D5D587 /* MapPointOfInterest.swift in Sources */,
				DAEACEB72A759AD800D5D587 /* HorizontalActionBar.swift in Sources */,
				DAEACEA42A72104300D5D587 /* MainViewSetting.swift in Sources */,
				DA86421A2A78757F0093F858 /* SceneCollections.swift in Sources */,
				DABD81C42AA14D5C00696143 /* StackView.swift in Sources */,
				DAEACEAB2A721AB800D5D587 /* SceneType.swift in Sources */,
				DAEACEA62A72111700D5D587 /* GameState.swift in Sources */,
				DAEACE9F2A7209F800D5D587 /* PointOfInterestType.swift in Sources */,
				DABD81A02AA0E4DA00696143 /* ShipInteriorView.swift in Sources */,
				DA89FC2D2C07F008006ADD48 /* HexGridCell.swift in Sources */,
				DABD81AF2AA1183D00696143 /* Stack.swift in Sources */,
				DAEACEC62A77033100D5D587 /* Item.swift in Sources */,
				DAEACEB52A734D0D00D5D587 /* GridCell.swift in Sources */,
				DAEACECB2A77075D00D5D587 /* ItemGroup.swift in Sources */,
				DAEACEBB2A759BCD00D5D587 /* Action.swift in Sources */,
				DAEACEB92A759B2B00D5D587 /* ActionCollection.swift in Sources */,
				DABD81992A842BAD00696143 /* ShipMapView.swift in Sources */,
				DAEACEBE2A75A2C800D5D587 /* ActionCollections.swift in Sources */,
			);
			runOnlyForDeploymentPostprocessing = 0;
		};
		AE6F11352A71EEB400F9DCC2 /* Sources */ = {
			isa = PBXSourcesBuildPhase;
			buildActionMask = 2147483647;
			files = (
				AE6F113E2A71EEB400F9DCC2 /* BusCatTests.swift in Sources */,
			);
			runOnlyForDeploymentPostprocessing = 0;
		};
		AE6F113F2A71EEB400F9DCC2 /* Sources */ = {
			isa = PBXSourcesBuildPhase;
			buildActionMask = 2147483647;
			files = (
				AE6F114A2A71EEB400F9DCC2 /* BusCatUITestsLaunchTests.swift in Sources */,
				AE6F11482A71EEB400F9DCC2 /* BusCatUITests.swift in Sources */,
			);
			runOnlyForDeploymentPostprocessing = 0;
		};
/* End PBXSourcesBuildPhase section */

/* Begin PBXTargetDependency section */
		AE6F113B2A71EEB400F9DCC2 /* PBXTargetDependency */ = {
			isa = PBXTargetDependency;
			target = AE6F11272A71EEB300F9DCC2 /* BusCat */;
			targetProxy = AE6F113A2A71EEB400F9DCC2 /* PBXContainerItemProxy */;
		};
		AE6F11452A71EEB400F9DCC2 /* PBXTargetDependency */ = {
			isa = PBXTargetDependency;
			target = AE6F11272A71EEB300F9DCC2 /* BusCat */;
			targetProxy = AE6F11442A71EEB400F9DCC2 /* PBXContainerItemProxy */;
		};
/* End PBXTargetDependency section */

/* Begin XCBuildConfiguration section */
		AE6F114B2A71EEB400F9DCC2 /* Debug */ = {
			isa = XCBuildConfiguration;
			buildSettings = {
				ALWAYS_SEARCH_USER_PATHS = NO;
				CLANG_ANALYZER_NONNULL = YES;
				CLANG_ANALYZER_NUMBER_OBJECT_CONVERSION = YES_AGGRESSIVE;
				CLANG_CXX_LANGUAGE_STANDARD = "gnu++20";
				CLANG_ENABLE_MODULES = YES;
				CLANG_ENABLE_OBJC_ARC = YES;
				CLANG_ENABLE_OBJC_WEAK = YES;
				CLANG_WARN_BLOCK_CAPTURE_AUTORELEASING = YES;
				CLANG_WARN_BOOL_CONVERSION = YES;
				CLANG_WARN_COMMA = YES;
				CLANG_WARN_CONSTANT_CONVERSION = YES;
				CLANG_WARN_DEPRECATED_OBJC_IMPLEMENTATIONS = YES;
				CLANG_WARN_DIRECT_OBJC_ISA_USAGE = YES_ERROR;
				CLANG_WARN_DOCUMENTATION_COMMENTS = YES;
				CLANG_WARN_EMPTY_BODY = YES;
				CLANG_WARN_ENUM_CONVERSION = YES;
				CLANG_WARN_INFINITE_RECURSION = YES;
				CLANG_WARN_INT_CONVERSION = YES;
				CLANG_WARN_NON_LITERAL_NULL_CONVERSION = YES;
				CLANG_WARN_OBJC_IMPLICIT_RETAIN_SELF = YES;
				CLANG_WARN_OBJC_LITERAL_CONVERSION = YES;
				CLANG_WARN_OBJC_ROOT_CLASS = YES_ERROR;
				CLANG_WARN_QUOTED_INCLUDE_IN_FRAMEWORK_HEADER = YES;
				CLANG_WARN_RANGE_LOOP_ANALYSIS = YES;
				CLANG_WARN_STRICT_PROTOTYPES = YES;
				CLANG_WARN_SUSPICIOUS_MOVE = YES;
				CLANG_WARN_UNGUARDED_AVAILABILITY = YES_AGGRESSIVE;
				CLANG_WARN_UNREACHABLE_CODE = YES;
				CLANG_WARN__DUPLICATE_METHOD_MATCH = YES;
				COPY_PHASE_STRIP = NO;
				DEAD_CODE_STRIPPING = YES;
				DEBUG_INFORMATION_FORMAT = dwarf;
				ENABLE_STRICT_OBJC_MSGSEND = YES;
				ENABLE_TESTABILITY = YES;
				ENABLE_USER_SCRIPT_SANDBOXING = YES;
				GCC_C_LANGUAGE_STANDARD = gnu11;
				GCC_DYNAMIC_NO_PIC = NO;
				GCC_NO_COMMON_BLOCKS = YES;
				GCC_OPTIMIZATION_LEVEL = 0;
				GCC_PREPROCESSOR_DEFINITIONS = (
					"DEBUG=1",
					"$(inherited)",
				);
				GCC_WARN_64_TO_32_BIT_CONVERSION = YES;
				GCC_WARN_ABOUT_RETURN_TYPE = YES_ERROR;
				GCC_WARN_UNDECLARED_SELECTOR = YES;
				GCC_WARN_UNINITIALIZED_AUTOS = YES_AGGRESSIVE;
				GCC_WARN_UNUSED_FUNCTION = YES;
				GCC_WARN_UNUSED_VARIABLE = YES;
				MACOSX_DEPLOYMENT_TARGET = 14.5;
				MTL_ENABLE_DEBUG_INFO = INCLUDE_SOURCE;
				MTL_FAST_MATH = YES;
				ONLY_ACTIVE_ARCH = YES;
				SDKROOT = macosx;
				SWIFT_ACTIVE_COMPILATION_CONDITIONS = DEBUG;
				SWIFT_OPTIMIZATION_LEVEL = "-Onone";
			};
			name = Debug;
		};
		AE6F114C2A71EEB400F9DCC2 /* Release */ = {
			isa = XCBuildConfiguration;
			buildSettings = {
				ALWAYS_SEARCH_USER_PATHS = NO;
				CLANG_ANALYZER_NONNULL = YES;
				CLANG_ANALYZER_NUMBER_OBJECT_CONVERSION = YES_AGGRESSIVE;
				CLANG_CXX_LANGUAGE_STANDARD = "gnu++20";
				CLANG_ENABLE_MODULES = YES;
				CLANG_ENABLE_OBJC_ARC = YES;
				CLANG_ENABLE_OBJC_WEAK = YES;
				CLANG_WARN_BLOCK_CAPTURE_AUTORELEASING = YES;
				CLANG_WARN_BOOL_CONVERSION = YES;
				CLANG_WARN_COMMA = YES;
				CLANG_WARN_CONSTANT_CONVERSION = YES;
				CLANG_WARN_DEPRECATED_OBJC_IMPLEMENTATIONS = YES;
				CLANG_WARN_DIRECT_OBJC_ISA_USAGE = YES_ERROR;
				CLANG_WARN_DOCUMENTATION_COMMENTS = YES;
				CLANG_WARN_EMPTY_BODY = YES;
				CLANG_WARN_ENUM_CONVERSION = YES;
				CLANG_WARN_INFINITE_RECURSION = YES;
				CLANG_WARN_INT_CONVERSION = YES;
				CLANG_WARN_NON_LITERAL_NULL_CONVERSION = YES;
				CLANG_WARN_OBJC_IMPLICIT_RETAIN_SELF = YES;
				CLANG_WARN_OBJC_LITERAL_CONVERSION = YES;
				CLANG_WARN_OBJC_ROOT_CLASS = YES_ERROR;
				CLANG_WARN_QUOTED_INCLUDE_IN_FRAMEWORK_HEADER = YES;
				CLANG_WARN_RANGE_LOOP_ANALYSIS = YES;
				CLANG_WARN_STRICT_PROTOTYPES = YES;
				CLANG_WARN_SUSPICIOUS_MOVE = YES;
				CLANG_WARN_UNGUARDED_AVAILABILITY = YES_AGGRESSIVE;
				CLANG_WARN_UNREACHABLE_CODE = YES;
				CLANG_WARN__DUPLICATE_METHOD_MATCH = YES;
				COPY_PHASE_STRIP = NO;
				DEAD_CODE_STRIPPING = YES;
				DEBUG_INFORMATION_FORMAT = "dwarf-with-dsym";
				ENABLE_NS_ASSERTIONS = NO;
				ENABLE_STRICT_OBJC_MSGSEND = YES;
				ENABLE_USER_SCRIPT_SANDBOXING = YES;
				GCC_C_LANGUAGE_STANDARD = gnu11;
				GCC_NO_COMMON_BLOCKS = YES;
				GCC_WARN_64_TO_32_BIT_CONVERSION = YES;
				GCC_WARN_ABOUT_RETURN_TYPE = YES_ERROR;
				GCC_WARN_UNDECLARED_SELECTOR = YES;
				GCC_WARN_UNINITIALIZED_AUTOS = YES_AGGRESSIVE;
				GCC_WARN_UNUSED_FUNCTION = YES;
				GCC_WARN_UNUSED_VARIABLE = YES;
				MACOSX_DEPLOYMENT_TARGET = 14.5;
				MTL_ENABLE_DEBUG_INFO = NO;
				MTL_FAST_MATH = YES;
				SDKROOT = macosx;
				SWIFT_COMPILATION_MODE = wholemodule;
				SWIFT_OPTIMIZATION_LEVEL = "-O";
			};
			name = Release;
		};
		AE6F114E2A71EEB400F9DCC2 /* Debug */ = {
			isa = XCBuildConfiguration;
			buildSettings = {
				ASSETCATALOG_COMPILER_APPICON_NAME = AppIcon;
				ASSETCATALOG_COMPILER_GLOBAL_ACCENT_COLOR_NAME = AccentColor;
				CODE_SIGN_ENTITLEMENTS = BusCat/BusCat.entitlements;
				CODE_SIGN_STYLE = Automatic;
				COMBINE_HIDPI_IMAGES = YES;
				CURRENT_PROJECT_VERSION = 1;
				DEAD_CODE_STRIPPING = YES;
				DEVELOPMENT_ASSET_PATHS = "\"BusCat/Preview Content\"";
				DEVELOPMENT_TEAM = E3FYURAR8H;
				ENABLE_HARDENED_RUNTIME = YES;
				ENABLE_PREVIEWS = YES;
				GENERATE_INFOPLIST_FILE = YES;
				INFOPLIST_KEY_NSHumanReadableCopyright = "";
				LD_RUNPATH_SEARCH_PATHS = (
					"$(inherited)",
					"@executable_path/../Frameworks",
				);
				MARKETING_VERSION = 1.0;
				PRODUCT_BUNDLE_IDENTIFIER = com.BusCat.BusCat;
				PRODUCT_NAME = "$(TARGET_NAME)";
				SWIFT_EMIT_LOC_STRINGS = YES;
				SWIFT_VERSION = 5.0;
			};
			name = Debug;
		};
		AE6F114F2A71EEB400F9DCC2 /* Release */ = {
			isa = XCBuildConfiguration;
			buildSettings = {
				ASSETCATALOG_COMPILER_APPICON_NAME = AppIcon;
				ASSETCATALOG_COMPILER_GLOBAL_ACCENT_COLOR_NAME = AccentColor;
				CODE_SIGN_ENTITLEMENTS = BusCat/BusCat.entitlements;
				CODE_SIGN_STYLE = Automatic;
				COMBINE_HIDPI_IMAGES = YES;
				CURRENT_PROJECT_VERSION = 1;
				DEAD_CODE_STRIPPING = YES;
				DEVELOPMENT_ASSET_PATHS = "\"BusCat/Preview Content\"";
				DEVELOPMENT_TEAM = E3FYURAR8H;
				ENABLE_HARDENED_RUNTIME = YES;
				ENABLE_PREVIEWS = YES;
				GENERATE_INFOPLIST_FILE = YES;
				INFOPLIST_KEY_NSHumanReadableCopyright = "";
				LD_RUNPATH_SEARCH_PATHS = (
					"$(inherited)",
					"@executable_path/../Frameworks",
				);
				MARKETING_VERSION = 1.0;
				PRODUCT_BUNDLE_IDENTIFIER = com.BusCat.BusCat;
				PRODUCT_NAME = "$(TARGET_NAME)";
				SWIFT_EMIT_LOC_STRINGS = YES;
				SWIFT_VERSION = 5.0;
			};
			name = Release;
		};
		AE6F11512A71EEB400F9DCC2 /* Debug */ = {
			isa = XCBuildConfiguration;
			buildSettings = {
				ALWAYS_EMBED_SWIFT_STANDARD_LIBRARIES = YES;
				BUNDLE_LOADER = "$(TEST_HOST)";
				CODE_SIGN_STYLE = Automatic;
				CURRENT_PROJECT_VERSION = 1;
				DEAD_CODE_STRIPPING = YES;
				DEVELOPMENT_TEAM = FR7LB94RGE;
				GENERATE_INFOPLIST_FILE = YES;
				MACOSX_DEPLOYMENT_TARGET = 13.3;
				MARKETING_VERSION = 1.0;
				PRODUCT_BUNDLE_IDENTIFIER = com.BusCat.BusCatTests;
				PRODUCT_NAME = "$(TARGET_NAME)";
				SWIFT_EMIT_LOC_STRINGS = NO;
				SWIFT_VERSION = 5.0;
				TEST_HOST = "$(BUILT_PRODUCTS_DIR)/BusCat.app/$(BUNDLE_EXECUTABLE_FOLDER_PATH)/BusCat";
			};
			name = Debug;
		};
		AE6F11522A71EEB400F9DCC2 /* Release */ = {
			isa = XCBuildConfiguration;
			buildSettings = {
				ALWAYS_EMBED_SWIFT_STANDARD_LIBRARIES = YES;
				BUNDLE_LOADER = "$(TEST_HOST)";
				CODE_SIGN_STYLE = Automatic;
				CURRENT_PROJECT_VERSION = 1;
				DEAD_CODE_STRIPPING = YES;
				DEVELOPMENT_TEAM = FR7LB94RGE;
				GENERATE_INFOPLIST_FILE = YES;
				MACOSX_DEPLOYMENT_TARGET = 13.3;
				MARKETING_VERSION = 1.0;
				PRODUCT_BUNDLE_IDENTIFIER = com.BusCat.BusCatTests;
				PRODUCT_NAME = "$(TARGET_NAME)";
				SWIFT_EMIT_LOC_STRINGS = NO;
				SWIFT_VERSION = 5.0;
				TEST_HOST = "$(BUILT_PRODUCTS_DIR)/BusCat.app/$(BUNDLE_EXECUTABLE_FOLDER_PATH)/BusCat";
			};
			name = Release;
		};
		AE6F11542A71EEB400F9DCC2 /* Debug */ = {
			isa = XCBuildConfiguration;
			buildSettings = {
				ALWAYS_EMBED_SWIFT_STANDARD_LIBRARIES = YES;
				CODE_SIGN_STYLE = Automatic;
				CURRENT_PROJECT_VERSION = 1;
				DEAD_CODE_STRIPPING = YES;
				DEVELOPMENT_TEAM = FR7LB94RGE;
				GENERATE_INFOPLIST_FILE = YES;
				MARKETING_VERSION = 1.0;
				PRODUCT_BUNDLE_IDENTIFIER = com.BusCat.BusCatUITests;
				PRODUCT_NAME = "$(TARGET_NAME)";
				SWIFT_EMIT_LOC_STRINGS = NO;
				SWIFT_VERSION = 5.0;
				TEST_TARGET_NAME = BusCat;
			};
			name = Debug;
		};
		AE6F11552A71EEB400F9DCC2 /* Release */ = {
			isa = XCBuildConfiguration;
			buildSettings = {
				ALWAYS_EMBED_SWIFT_STANDARD_LIBRARIES = YES;
				CODE_SIGN_STYLE = Automatic;
				CURRENT_PROJECT_VERSION = 1;
				DEAD_CODE_STRIPPING = YES;
				DEVELOPMENT_TEAM = FR7LB94RGE;
				GENERATE_INFOPLIST_FILE = YES;
				MARKETING_VERSION = 1.0;
				PRODUCT_BUNDLE_IDENTIFIER = com.BusCat.BusCatUITests;
				PRODUCT_NAME = "$(TARGET_NAME)";
				SWIFT_EMIT_LOC_STRINGS = NO;
				SWIFT_VERSION = 5.0;
				TEST_TARGET_NAME = BusCat;
			};
			name = Release;
		};
/* End XCBuildConfiguration section */

/* Begin XCConfigurationList section */
		AE6F11232A71EEB200F9DCC2 /* Build configuration list for PBXProject "BusCat" */ = {
			isa = XCConfigurationList;
			buildConfigurations = (
				AE6F114B2A71EEB400F9DCC2 /* Debug */,
				AE6F114C2A71EEB400F9DCC2 /* Release */,
			);
			defaultConfigurationIsVisible = 0;
			defaultConfigurationName = Release;
		};
		AE6F114D2A71EEB400F9DCC2 /* Build configuration list for PBXNativeTarget "BusCat" */ = {
			isa = XCConfigurationList;
			buildConfigurations = (
				AE6F114E2A71EEB400F9DCC2 /* Debug */,
				AE6F114F2A71EEB400F9DCC2 /* Release */,
			);
			defaultConfigurationIsVisible = 0;
			defaultConfigurationName = Release;
		};
		AE6F11502A71EEB400F9DCC2 /* Build configuration list for PBXNativeTarget "BusCatTests" */ = {
			isa = XCConfigurationList;
			buildConfigurations = (
				AE6F11512A71EEB400F9DCC2 /* Debug */,
				AE6F11522A71EEB400F9DCC2 /* Release */,
			);
			defaultConfigurationIsVisible = 0;
			defaultConfigurationName = Release;
		};
		AE6F11532A71EEB400F9DCC2 /* Build configuration list for PBXNativeTarget "BusCatUITests" */ = {
			isa = XCConfigurationList;
			buildConfigurations = (
				AE6F11542A71EEB400F9DCC2 /* Debug */,
				AE6F11552A71EEB400F9DCC2 /* Release */,
			);
			defaultConfigurationIsVisible = 0;
			defaultConfigurationName = Release;
		};
/* End XCConfigurationList section */

/* Begin XCRemoteSwiftPackageReference section */
		DA89FC292C07EFD3006ADD48 /* XCRemoteSwiftPackageReference "HexGrid" */ = {
			isa = XCRemoteSwiftPackageReference;
			repositoryURL = "https://github.com/ksemianov/HexGrid";
			requirement = {
				kind = upToNextMajorVersion;
				minimumVersion = 0.1.2;
			};
		};
		DAEACEB12A734C1B00D5D587 /* XCRemoteSwiftPackageReference "swiftui-grid" */ = {
			isa = XCRemoteSwiftPackageReference;
			repositoryURL = "https://github.com/spacenation/swiftui-grid.git";
			requirement = {
				kind = upToNextMajorVersion;
				minimumVersion = 1.1.0;
			};
		};
/* End XCRemoteSwiftPackageReference section */

/* Begin XCSwiftPackageProductDependency section */
		DA89FC2A2C07EFD3006ADD48 /* HexGrid */ = {
			isa = XCSwiftPackageProductDependency;
			package = DA89FC292C07EFD3006ADD48 /* XCRemoteSwiftPackageReference "HexGrid" */;
			productName = HexGrid;
		};
		DAEACEB22A734C1B00D5D587 /* Grid */ = {
			isa = XCSwiftPackageProductDependency;
			package = DAEACEB12A734C1B00D5D587 /* XCRemoteSwiftPackageReference "swiftui-grid" */;
			productName = Grid;
		};
/* End XCSwiftPackageProductDependency section */
	};
	rootObject = AE6F11202A71EEB200F9DCC2 /* Project object */;
}
