{
  "originHash" : "274e2209b8f4b21c5a3c8ed9f3aab2270581be1c50abbc469cb3211ee0e7f31f",
  "pins" : [
    {
      "identity" : "hexgrid",
      "kind" : "remoteSourceControl",
      "location" : "https://github.com/ksemianov/HexGrid",
      "state" : {
        "revision" : "e6c67fc50fa8670f45795062619c6aa984a759a9",
        "version" : "0.1.2"
      }
    },
    {
      "identity" : "swiftui-grid",
      "kind" : "remoteSourceControl",
      "location" : "https://github.com/spacenation/swiftui-grid.git",
      "state" : {
        "revision" : "623f995c6ee0e5a5ed0e104d142daeae67b0ec92",
        "version" : "1.1.0"
      }
    }
  ],
  "version" : 3
}
